
Microsoft Visual Studio Solution File, Format Version 12.00
# Visual Studio Version 18
VisualStudioVersion = 18.10.12217.157 stable
MinimumVisualStudioVersion = 10.0.40219.1
Project("{2150E333-8FDC-42A3-9474-1A3956D46DE8}") = "src", "src", "{827E0CD3-B72D-47B6-A68D-7590B98EB39B}"
EndProject
Project("{FAE04EC0-301F-11D3-BF4B-00C04F79EFBC}") = "EmailScanner.Api", "src\EmailScanner.Api\EmailScanner.Api.csproj", "{78F92ED6-E853-444D-95B5-BCD4B14E5646}"
EndProject
Project("{FAE04EC0-301F-11D3-BF4B-00C04F79EFBC}") = "EmailScanner.Application", "src\EmailScanner.Application\EmailScanner.Application.csproj", "{BA61FD91-6E95-49BC-B0B1-5EB9D95011E8}"
EndProject
Project("{FAE04EC0-301F-11D3-BF4B-00C04F79EFBC}") = "EmailScanner.Application.Abstractions", "src\EmailScanner.Application.Abstractions\EmailScanner.Application.Abstractions.csproj", "{8801C4D2-03EA-4301-A461-59A5BAFA82DE}"
EndProject
Project("{FAE04EC0-301F-11D3-BF4B-00C04F79EFBC}") = "EmailScanner.Domain", "src\EmailScanner.Domain\EmailScanner.Domain.csproj", "{F085A3EF-44AA-4D6A-AEC9-E840B2FCDE4B}"
EndProject
Project("{FAE04EC0-301F-11D3-BF4B-00C04F79EFBC}") = "EmailScanner.Domain.Abstractions", "src\EmailScanner.Domain.Abstractions\EmailScanner.Domain.Abstractions.csproj", "{477D4EEE-3FF7-4802-B6CA-C36D06CABB39}"
EndProject
Project("{FAE04EC0-301F-11D3-BF4B-00C04F79EFBC}") = "EmailScanner.Infrastructure.BlobStorage", "src\EmailScanner.Infrastructure.BlobStorage\EmailScanner.Infrastructure.BlobStorage.csproj", "{B8375131-2C70-4A7B-890E-3B9CB176A2B3}"
EndProject
Project("{FAE04EC0-301F-11D3-BF4B-00C04F79EFBC}") = "EmailScanner.Infrastructure.ValKey", "src\EmailScanner.Infrastructure.ValKey\EmailScanner.Infrastructure.ValKey.csproj", "{2A71FF6E-7D56-4002-AC51-6C54CDC75E79}"
EndProject
Project("{FAE04EC0-301F-11D3-BF4B-00C04F79EFBC}") = "EmailScanner.Repository", "src\EmailScanner.Repository\EmailScanner.Repository.csproj", "{D4B0F2BE-2798-4D79-A069-602C2A67A4C7}"
EndProject
Project("{FAE04EC0-301F-11D3-BF4B-00C04F79EFBC}") = "EmailScanner.Repository.Abstractions", "src\EmailScanner.Repository.Abstractions\EmailScanner.Repository.Abstractions.csproj", "{C45E0F2B-DE5C-4E54-862E-567B4DA7CD2B}"
EndProject
Project("{2150E333-8FDC-42A3-9474-1A3956D46DE8}") = "tests", "tests", "{0AB3BF05-4346-4AA6-1389-037BE0695223}"
EndProject
Project("{FAE04EC0-301F-11D3-BF4B-00C04F79EFBC}") = "EmailScanner.Application.Tests", "tests\EmailScanner.Application.Tests\EmailScanner.Application.Tests.csproj", "{1CBC5BE9-42A3-46B4-9A9F-7845BC6D3175}"
EndProject
Project("{FAE04EC0-301F-11D3-BF4B-00C04F79EFBC}") = "EmailScanner.Domain.Tests", "tests\EmailScanner.Domain.Tests\EmailScanner.Domain.Tests.csproj", "{AB40B3EE-7D1E-4380-9985-E1D3BFAC8607}"
EndProject
Project("{FAE04EC0-301F-11D3-BF4B-00C04F79EFBC}") = "EmailScanner.Repository.Tests", "tests\EmailScanner.Repository.Tests\EmailScanner.Repository.Tests.csproj", "{59021D4F-5264-4941-A1DA-800295B81B81}"
EndProject
Project("{FAE04EC0-301F-11D3-BF4B-00C04F79EFBC}") = "EmailScanner.Worker.AttachmentProcessing", "src\EmailScanner.Worker.AttachmentProcessing\EmailScanner.Worker.AttachmentProcessing.csproj", "{A7C36165-AB41-4642-A2BB-5C15A43C47D7}"
EndProject
Project("{FAE04EC0-301F-11D3-BF4B-00C04F79EFBC}") = "EmailScanner.Worker.EmailProcessing", "src\EmailScanner.Worker.EmailProcessing\EmailScanner.Worker.EmailProcessing.csproj", "{0AF3EAF7-6E1A-4287-9949-CCEF3108AA64}"
EndProject
Project("{FAE04EC0-301F-11D3-BF4B-00C04F79EFBC}") = "EmailScanner.Worker.MailboxSync", "src\EmailScanner.Worker.MailboxSync\EmailScanner.Worker.MailboxSync.csproj", "{4F885F52-26D8-4FEE-AB2F-90C3A934DE9A}"
EndProject
Project("{FAE04EC0-301F-11D3-BF4B-00C04F79EFBC}") = "EmailScanner.Repository.Executor", "src\EmailScanner.Repository.Executor\EmailScanner.Repository.Executor.csproj", "{A0A55F45-AA54-8A63-259A-CF8FC010320E}"
EndProject
Project("{2150E333-8FDC-42A3-9474-1A3956D46DE8}") = "Solution Items", "Solution Items", "{6778FC85-D960-4B5E-B7F2-DC801794C0BD}"
EndProject
Global
	GlobalSection(SolutionConfigurationPlatforms) = preSolution
		Debug|Any CPU = Debug|Any CPU
		Debug|x64 = Debug|x64
		Debug|x86 = Debug|x86
		Release|Any CPU = Release|Any CPU
		Release|x64 = Release|x64
		Release|x86 = Release|x86
	EndGlobalSection
	GlobalSection(ProjectConfigurationPlatforms) = postSolution
		{78F92ED6-E853-444D-95B5-BCD4B14E5646}.Debug|Any CPU.ActiveCfg = Debug|Any CPU
		{78F92ED6-E853-444D-95B5-BCD4B14E5646}.Debug|Any CPU.Build.0 = Debug|Any CPU
		{78F92ED6-E853-444D-95B5-BCD4B14E5646}.Debug|x64.ActiveCfg = Debug|Any CPU
		{78F92ED6-E853-444D-95B5-BCD4B14E5646}.Debug|x64.Build.0 = Debug|Any CPU
		{78F92ED6-E853-444D-95B5-BCD4B14E5646}.Debug|x86.ActiveCfg = Debug|Any CPU
		{78F92ED6-E853-444D-95B5-BCD4B14E5646}.Debug|x86.Build.0 = Debug|Any CPU
		{78F92ED6-E853-444D-95B5-BCD4B14E5646}.Release|Any CPU.ActiveCfg = Release|Any CPU
		{78F92ED6-E853-444D-95B5-BCD4B14E5646}.Release|Any CPU.Build.0 = Release|Any CPU
		{78F92ED6-E853-444D-95B5-BCD4B14E5646}.Release|x64.ActiveCfg = Release|Any CPU
		{78F92ED6-E853-444D-95B5-BCD4B14E5646}.Release|x64.Build.0 = Release|Any CPU
		{78F92ED6-E853-444D-95B5-BCD4B14E5646}.Release|x86.ActiveCfg = Release|Any CPU
		{78F92ED6-E853-444D-95B5-BCD4B14E5646}.Release|x86.Build.0 = Release|Any CPU
		{BA61FD91-6E95-49BC-B0B1-5EB9D95011E8}.Debug|Any CPU.ActiveCfg = Debug|Any CPU
		{BA61FD91-6E95-49BC-B0B1-5EB9D95011E8}.Debug|Any CPU.Build.0 = Debug|Any CPU
		{BA61FD91-6E95-49BC-B0B1-5EB9D95011E8}.Debug|x64.ActiveCfg = Debug|Any CPU
		{BA61FD91-6E95-49BC-B0B1-5EB9D95011E8}.Debug|x64.Build.0 = Debug|Any CPU
		{BA61FD91-6E95-49BC-B0B1-5EB9D95011E8}.Debug|x86.ActiveCfg = Debug|Any CPU
		{BA61FD91-6E95-49BC-B0B1-5EB9D95011E8}.Debug|x86.Build.0 = Debug|Any CPU
		{BA61FD91-6E95-49BC-B0B1-5EB9D95011E8}.Release|Any CPU.ActiveCfg = Release|Any CPU
		{BA61FD91-6E95-49BC-B0B1-5EB9D95011E8}.Release|Any CPU.Build.0 = Release|Any CPU
		{BA61FD91-6E95-49BC-B0B1-5EB9D95011E8}.Release|x64.ActiveCfg = Release|Any CPU
		{BA61FD91-6E95-49BC-B0B1-5EB9D95011E8}.Release|x64.Build.0 = Release|Any CPU
		{BA61FD91-6E95-49BC-B0B1-5EB9D95011E8}.Release|x86.ActiveCfg = Release|Any CPU
		{BA61FD91-6E95-49BC-B0B1-5EB9D95011E8}.Release|x86.Build.0 = Release|Any CPU
		{8801C4D2-03EA-4301-A461-59A5BAFA82DE}.Debug|Any CPU.ActiveCfg = Debug|Any CPU
		{8801C4D2-03EA-4301-A461-59A5BAFA82DE}.Debug|Any CPU.Build.0 = Debug|Any CPU
		{8801C4D2-03EA-4301-A461-59A5BAFA82DE}.Debug|x64.ActiveCfg = Debug|Any CPU
		{8801C4D2-03EA-4301-A461-59A5BAFA82DE}.Debug|x64.Build.0 = Debug|Any CPU
		{8801C4D2-03EA-4301-A461-59A5BAFA82DE}.Debug|x86.ActiveCfg = Debug|Any CPU
		{8801C4D2-03EA-4301-A461-59A5BAFA82DE}.Debug|x86.Build.0 = Debug|Any CPU
		{8801C4D2-03EA-4301-A461-59A5BAFA82DE}.Release|Any CPU.ActiveCfg = Release|Any CPU
		{8801C4D2-03EA-4301-A461-59A5BAFA82DE}.Release|Any CPU.Build.0 = Release|Any CPU
		{8801C4D2-03EA-4301-A461-59A5BAFA82DE}.Release|x64.ActiveCfg = Release|Any CPU
		{8801C4D2-03EA-4301-A461-59A5BAFA82DE}.Release|x64.Build.0 = Release|Any CPU
		{8801C4D2-03EA-4301-A461-59A5BAFA82DE}.Release|x86.ActiveCfg = Release|Any CPU
		{8801C4D2-03EA-4301-A461-59A5BAFA82DE}.Release|x86.Build.0 = Release|Any CPU
		{F085A3EF-44AA-4D6A-AEC9-E840B2FCDE4B}.Debug|Any CPU.ActiveCfg = Debug|Any CPU
		{F085A3EF-44AA-4D6A-AEC9-E840B2FCDE4B}.Debug|Any CPU.Build.0 = Debug|Any CPU
		{F085A3EF-44AA-4D6A-AEC9-E840B2FCDE4B}.Debug|x64.ActiveCfg = Debug|Any CPU
		{F085A3EF-44AA-4D6A-AEC9-E840B2FCDE4B}.Debug|x64.Build.0 = Debug|Any CPU
		{F085A3EF-44AA-4D6A-AEC9-E840B2FCDE4B}.Debug|x86.ActiveCfg = Debug|Any CPU
		{F085A3EF-44AA-4D6A-AEC9-E840B2FCDE4B}.Debug|x86.Build.0 = Debug|Any CPU
		{F085A3EF-44AA-4D6A-AEC9-E840B2FCDE4B}.Release|Any CPU.ActiveCfg = Release|Any CPU
		{F085A3EF-44AA-4D6A-AEC9-E840B2FCDE4B}.Release|Any CPU.Build.0 = Release|Any CPU
		{F085A3EF-44AA-4D6A-AEC9-E840B2FCDE4B}.Release|x64.ActiveCfg = Release|Any CPU
		{F085A3EF-44AA-4D6A-AEC9-E840B2FCDE4B}.Release|x64.Build.0 = Release|Any CPU
		{F085A3EF-44AA-4D6A-AEC9-E840B2FCDE4B}.Release|x86.ActiveCfg = Release|Any CPU
		{F085A3EF-44AA-4D6A-AEC9-E840B2FCDE4B}.Release|x86.Build.0 = Release|Any CPU
		{477D4EEE-3FF7-4802-B6CA-C36D06CABB39}.Debug|Any CPU.ActiveCfg = Debug|Any CPU
		{477D4EEE-3FF7-4802-B6CA-C36D06CABB39}.Debug|Any CPU.Build.0 = Debug|Any CPU
		{477D4EEE-3FF7-4802-B6CA-C36D06CABB39}.Debug|x64.ActiveCfg = Debug|Any CPU
		{477D4EEE-3FF7-4802-B6CA-C36D06CABB39}.Debug|x64.Build.0 = Debug|Any CPU
		{477D4EEE-3FF7-4802-B6CA-C36D06CABB39}.Debug|x86.ActiveCfg = Debug|Any CPU
		{477D4EEE-3FF7-4802-B6CA-C36D06CABB39}.Debug|x86.Build.0 = Debug|Any CPU
		{477D4EEE-3FF7-4802-B6CA-C36D06CABB39}.Release|Any CPU.ActiveCfg = Release|Any CPU
		{477D4EEE-3FF7-4802-B6CA-C36D06CABB39}.Release|Any CPU.Build.0 = Release|Any CPU
		{477D4EEE-3FF7-4802-B6CA-C36D06CABB39}.Release|x64.ActiveCfg = Release|Any CPU
		{477D4EEE-3FF7-4802-B6CA-C36D06CABB39}.Release|x64.Build.0 = Release|Any CPU
		{477D4EEE-3FF7-4802-B6CA-C36D06CABB39}.Release|x86.ActiveCfg = Release|Any CPU
		{477D4EEE-3FF7-4802-B6CA-C36D06CABB39}.Release|x86.Build.0 = Release|Any CPU
		{B8375131-2C70-4A7B-890E-3B9CB176A2B3}.Debug|Any CPU.ActiveCfg = Debug|Any CPU
		{B8375131-2C70-4A7B-890E-3B9CB176A2B3}.Debug|Any CPU.Build.0 = Debug|Any CPU
		{B8375131-2C70-4A7B-890E-3B9CB176A2B3}.Debug|x64.ActiveCfg = Debug|Any CPU
		{B8375131-2C70-4A7B-890E-3B9CB176A2B3}.Debug|x64.Build.0 = Debug|Any CPU
		{B8375131-2C70-4A7B-890E-3B9CB176A2B3}.Debug|x86.ActiveCfg = Debug|Any CPU
		{B8375131-2C70-4A7B-890E-3B9CB176A2B3}.Debug|x86.Build.0 = Debug|Any CPU
		{B8375131-2C70-4A7B-890E-3B9CB176A2B3}.Release|Any CPU.ActiveCfg = Release|Any CPU
		{B8375131-2C70-4A7B-890E-3B9CB176A2B3}.Release|Any CPU.Build.0 = Release|Any CPU
		{B8375131-2C70-4A7B-890E-3B9CB176A2B3}.Release|x64.ActiveCfg = Release|Any CPU
		{B8375131-2C70-4A7B-890E-3B9CB176A2B3}.Release|x64.Build.0 = Release|Any CPU
		{B8375131-2C70-4A7B-890E-3B9CB176A2B3}.Release|x86.ActiveCfg = Release|Any CPU
		{B8375131-2C70-4A7B-890E-3B9CB176A2B3}.Release|x86.Build.0 = Release|Any CPU
		{2A71FF6E-7D56-4002-AC51-6C54CDC75E79}.Debug|Any CPU.ActiveCfg = Debug|Any CPU
		{2A71FF6E-7D56-4002-AC51-6C54CDC75E79}.Debug|Any CPU.Build.0 = Debug|Any CPU
		{2A71FF6E-7D56-4002-AC51-6C54CDC75E79}.Debug|x64.ActiveCfg = Debug|Any CPU
		{2A71FF6E-7D56-4002-AC51-6C54CDC75E79}.Debug|x64.Build.0 = Debug|Any CPU
		{2A71FF6E-7D56-4002-AC51-6C54CDC75E79}.Debug|x86.ActiveCfg = Debug|Any CPU
		{2A71FF6E-7D56-4002-AC51-6C54CDC75E79}.Debug|x86.Build.0 = Debug|Any CPU
		{2A71FF6E-7D56-4002-AC51-6C54CDC75E79}.Release|Any CPU.ActiveCfg = Release|Any CPU
		{2A71FF6E-7D56-4002-AC51-6C54CDC75E79}.Release|Any CPU.Build.0 = Release|Any CPU
		{2A71FF6E-7D56-4002-AC51-6C54CDC75E79}.Release|x64.ActiveCfg = Release|Any CPU
		{2A71FF6E-7D56-4002-AC51-6C54CDC75E79}.Release|x64.Build.0 = Release|Any CPU
		{2A71FF6E-7D56-4002-AC51-6C54CDC75E79}.Release|x86.ActiveCfg = Release|Any CPU
		{2A71FF6E-7D56-4002-AC51-6C54CDC75E79}.Release|x86.Build.0 = Release|Any CPU
		{D4B0F2BE-2798-4D79-A069-602C2A67A4C7}.Debug|Any CPU.ActiveCfg = Debug|Any CPU
		{D4B0F2BE-2798-4D79-A069-602C2A67A4C7}.Debug|Any CPU.Build.0 = Debug|Any CPU
		{D4B0F2BE-2798-4D79-A069-602C2A67A4C7}.Debug|x64.ActiveCfg = Debug|Any CPU
		{D4B0F2BE-2798-4D79-A069-602C2A67A4C7}.Debug|x64.Build.0 = Debug|Any CPU
		{D4B0F2BE-2798-4D79-A069-602C2A67A4C7}.Debug|x86.ActiveCfg = Debug|Any CPU
		{D4B0F2BE-2798-4D79-A069-602C2A67A4C7}.Debug|x86.Build.0 = Debug|Any CPU
		{D4B0F2BE-2798-4D79-A069-602C2A67A4C7}.Release|Any CPU.ActiveCfg = Release|Any CPU
		{D4B0F2BE-2798-4D79-A069-602C2A67A4C7}.Release|Any CPU.Build.0 = Release|Any CPU
		{D4B0F2BE-2798-4D79-A069-602C2A67A4C7}.Release|x64.ActiveCfg = Release|Any CPU
		{D4B0F2BE-2798-4D79-A069-602C2A67A4C7}.Release|x64.Build.0 = Release|Any CPU
		{D4B0F2BE-2798-4D79-A069-602C2A67A4C7}.Release|x86.ActiveCfg = Release|Any CPU
		{D4B0F2BE-2798-4D79-A069-602C2A67A4C7}.Release|x86.Build.0 = Release|Any CPU
		{C45E0F2B-DE5C-4E54-862E-567B4DA7CD2B}.Debug|Any CPU.ActiveCfg = Debug|Any CPU
		{C45E0F2B-DE5C-4E54-862E-567B4DA7CD2B}.Debug|Any CPU.Build.0 = Debug|Any CPU
		{C45E0F2B-DE5C-4E54-862E-567B4DA7CD2B}.Debug|x64.ActiveCfg = Debug|Any CPU
		{C45E0F2B-DE5C-4E54-862E-567B4DA7CD2B}.Debug|x64.Build.0 = Debug|Any CPU
		{C45E0F2B-DE5C-4E54-862E-567B4DA7CD2B}.Debug|x86.ActiveCfg = Debug|Any CPU
		{C45E0F2B-DE5C-4E54-862E-567B4DA7CD2B}.Debug|x86.Build.0 = Debug|Any CPU
		{C45E0F2B-DE5C-4E54-862E-567B4DA7CD2B}.Release|Any CPU.ActiveCfg = Release|Any CPU
		{C45E0F2B-DE5C-4E54-862E-567B4DA7CD2B}.Release|Any CPU.Build.0 = Release|Any CPU
		{C45E0F2B-DE5C-4E54-862E-567B4DA7CD2B}.Release|x64.ActiveCfg = Release|Any CPU
		{C45E0F2B-DE5C-4E54-862E-567B4DA7CD2B}.Release|x64.Build.0 = Release|Any CPU
		{C45E0F2B-DE5C-4E54-862E-567B4DA7CD2B}.Release|x86.ActiveCfg = Release|Any CPU
		{C45E0F2B-DE5C-4E54-862E-567B4DA7CD2B}.Release|x86.Build.0 = Release|Any CPU
		{1CBC5BE9-42A3-46B4-9A9F-7845BC6D3175}.Debug|Any CPU.ActiveCfg = Debug|Any CPU
		{1CBC5BE9-42A3-46B4-9A9F-7845BC6D3175}.Debug|Any CPU.Build.0 = Debug|Any CPU
		{1CBC5BE9-42A3-46B4-9A9F-7845BC6D3175}.Debug|x64.ActiveCfg = Debug|Any CPU
		{1CBC5BE9-42A3-46B4-9A9F-7845BC6D3175}.Debug|x64.Build.0 = Debug|Any CPU
		{1CBC5BE9-42A3-46B4-9A9F-7845BC6D3175}.Debug|x86.ActiveCfg = Debug|Any CPU
		{1CBC5BE9-42A3-46B4-9A9F-7845BC6D3175}.Debug|x86.Build.0 = Debug|Any CPU
		{1CBC5BE9-42A3-46B4-9A9F-7845BC6D3175}.Release|Any CPU.ActiveCfg = Release|Any CPU
		{1CBC5BE9-42A3-46B4-9A9F-7845BC6D3175}.Release|Any CPU.Build.0 = Release|Any CPU
		{1CBC5BE9-42A3-46B4-9A9F-7845BC6D3175}.Release|x64.ActiveCfg = Release|Any CPU
		{1CBC5BE9-42A3-46B4-9A9F-7845BC6D3175}.Release|x64.Build.0 = Release|Any CPU
		{1CBC5BE9-42A3-46B4-9A9F-7845BC6D3175}.Release|x86.ActiveCfg = Release|Any CPU
		{1CBC5BE9-42A3-46B4-9A9F-7845BC6D3175}.Release|x86.Build.0 = Release|Any CPU
		{AB40B3EE-7D1E-4380-9985-E1D3BFAC8607}.Debug|Any CPU.ActiveCfg = Debug|Any CPU
		{AB40B3EE-7D1E-4380-9985-E1D3BFAC8607}.Debug|Any CPU.Build.0 = Debug|Any CPU
		{AB40B3EE-7D1E-4380-9985-E1D3BFAC8607}.Debug|x64.ActiveCfg = Debug|Any CPU
		{AB40B3EE-7D1E-4380-9985-E1D3BFAC8607}.Debug|x64.Build.0 = Debug|Any CPU
		{AB40B3EE-7D1E-4380-9985-E1D3BFAC8607}.Debug|x86.ActiveCfg = Debug|Any CPU
		{AB40B3EE-7D1E-4380-9985-E1D3BFAC8607}.Debug|x86.Build.0 = Debug|Any CPU
		{AB40B3EE-7D1E-4380-9985-E1D3BFAC8607}.Release|Any CPU.ActiveCfg = Release|Any CPU
		{AB40B3EE-7D1E-4380-9985-E1D3BFAC8607}.Release|Any CPU.Build.0 = Release|Any CPU
		{AB40B3EE-7D1E-4380-9985-E1D3BFAC8607}.Release|x64.ActiveCfg = Release|Any CPU
		{AB40B3EE-7D1E-4380-9985-E1D3BFAC8607}.Release|x64.Build.0 = Release|Any CPU
		{AB40B3EE-7D1E-4380-9985-E1D3BFAC8607}.Release|x86.ActiveCfg = Release|Any CPU
		{AB40B3EE-7D1E-4380-9985-E1D3BFAC8607}.Release|x86.Build.0 = Release|Any CPU
		{59021D4F-5264-4941-A1DA-800295B81B81}.Debug|Any CPU.ActiveCfg = Debug|Any CPU
		{59021D4F-5264-4941-A1DA-800295B81B81}.Debug|Any CPU.Build.0 = Debug|Any CPU
		{59021D4F-5264-4941-A1DA-800295B81B81}.Debug|x64.ActiveCfg = Debug|Any CPU
		{59021D4F-5264-4941-A1DA-800295B81B81}.Debug|x64.Build.0 = Debug|Any CPU
		{59021D4F-5264-4941-A1DA-800295B81B81}.Debug|x86.ActiveCfg = Debug|Any CPU
		{59021D4F-5264-4941-A1DA-800295B81B81}.Debug|x86.Build.0 = Debug|Any CPU
		{59021D4F-5264-4941-A1DA-800295B81B81}.Release|Any CPU.ActiveCfg = Release|Any CPU
		{59021D4F-5264-4941-A1DA-800295B81B81}.Release|Any CPU.Build.0 = Release|Any CPU
		{59021D4F-5264-4941-A1DA-800295B81B81}.Release|x64.ActiveCfg = Release|Any CPU
		{59021D4F-5264-4941-A1DA-800295B81B81}.Release|x64.Build.0 = Release|Any CPU
		{59021D4F-5264-4941-A1DA-800295B81B81}.Release|x86.ActiveCfg = Release|Any CPU
		{59021D4F-5264-4941-A1DA-800295B81B81}.Release|x86.Build.0 = Release|Any CPU
		{A7C36165-AB41-4642-A2BB-5C15A43C47D7}.Debug|Any CPU.ActiveCfg = Debug|Any CPU
		{A7C36165-AB41-4642-A2BB-5C15A43C47D7}.Debug|Any CPU.Build.0 = Debug|Any CPU
		{A7C36165-AB41-4642-A2BB-5C15A43C47D7}.Debug|x64.ActiveCfg = Debug|Any CPU
		{A7C36165-AB41-4642-A2BB-5C15A43C47D7}.Debug|x64.Build.0 = Debug|Any CPU
		{A7C36165-AB41-4642-A2BB-5C15A43C47D7}.Debug|x86.ActiveCfg = Debug|Any CPU
		{A7C36165-AB41-4642-A2BB-5C15A43C47D7}.Debug|x86.Build.0 = Debug|Any CPU
		{A7C36165-AB41-4642-A2BB-5C15A43C47D7}.Release|Any CPU.ActiveCfg = Release|Any CPU
		{A7C36165-AB41-4642-A2BB-5C15A43C47D7}.Release|Any CPU.Build.0 = Release|Any CPU
		{A7C36165-AB41-4642-A2BB-5C15A43C47D7}.Release|x64.ActiveCfg = Release|Any CPU
		{A7C36165-AB41-4642-A2BB-5C15A43C47D7}.Release|x64.Build.0 = Release|Any CPU
		{A7C36165-AB41-4642-A2BB-5C15A43C47D7}.Release|x86.ActiveCfg = Release|Any CPU
		{A7C36165-AB41-4642-A2BB-5C15A43C47D7}.Release|x86.Build.0 = Release|Any CPU
		{0AF3EAF7-6E1A-4287-9949-CCEF3108AA64}.Debug|Any CPU.ActiveCfg = Debug|Any CPU
		{0AF3EAF7-6E1A-4287-9949-CCEF3108AA64}.Debug|Any CPU.Build.0 = Debug|Any CPU
		{0AF3EAF7-6E1A-4287-9949-CCEF3108AA64}.Debug|x64.ActiveCfg = Debug|Any CPU
		{0AF3EAF7-6E1A-4287-9949-CCEF3108AA64}.Debug|x64.Build.0 = Debug|Any CPU
		{0AF3EAF7-6E1A-4287-9949-CCEF3108AA64}.Debug|x86.ActiveCfg = Debug|Any CPU
		{0AF3EAF7-6E1A-4287-9949-CCEF3108AA64}.Debug|x86.Build.0 = Debug|Any CPU
		{0AF3EAF7-6E1A-4287-9949-CCEF3108AA64}.Release|Any CPU.ActiveCfg = Release|Any CPU
		{0AF3EAF7-6E1A-4287-9949-CCEF3108AA64}.Release|Any CPU.Build.0 = Release|Any CPU
		{0AF3EAF7-6E1A-4287-9949-CCEF3108AA64}.Release|x64.ActiveCfg = Release|Any CPU
		{0AF3EAF7-6E1A-4287-9949-CCEF3108AA64}.Release|x64.Build.0 = Release|Any CPU
		{0AF3EAF7-6E1A-4287-9949-CCEF3108AA64}.Release|x86.ActiveCfg = Release|Any CPU
		{0AF3EAF7-6E1A-4287-9949-CCEF3108AA64}.Release|x86.Build.0 = Release|Any CPU
		{4F885F52-26D8-4FEE-AB2F-90C3A934DE9A}.Debug|Any CPU.ActiveCfg = Debug|Any CPU
		{4F885F52-26D8-4FEE-AB2F-90C3A934DE9A}.Debug|Any CPU.Build.0 = Debug|Any CPU
		{4F885F52-26D8-4FEE-AB2F-90C3A934DE9A}.Debug|x64.ActiveCfg = Debug|Any CPU
		{4F885F52-26D8-4FEE-AB2F-90C3A934DE9A}.Debug|x64.Build.0 = Debug|Any CPU
		{4F885F52-26D8-4FEE-AB2F-90C3A934DE9A}.Debug|x86.ActiveCfg = Debug|Any CPU
		{4F885F52-26D8-4FEE-AB2F-90C3A934DE9A}.Debug|x86.Build.0 = Debug|Any CPU
		{4F885F52-26D8-4FEE-AB2F-90C3A934DE9A}.Release|Any CPU.ActiveCfg = Release|Any CPU
		{4F885F52-26D8-4FEE-AB2F-90C3A934DE9A}.Release|Any CPU.Build.0 = Release|Any CPU
		{4F885F52-26D8-4FEE-AB2F-90C3A934DE9A}.Release|x64.ActiveCfg = Release|Any CPU
		{4F885F52-26D8-4FEE-AB2F-90C3A934DE9A}.Release|x64.Build.0 = Release|Any CPU
		{4F885F52-26D8-4FEE-AB2F-90C3A934DE9A}.Release|x86.ActiveCfg = Release|Any CPU
		{4F885F52-26D8-4FEE-AB2F-90C3A934DE9A}.Release|x86.Build.0 = Release|Any CPU
		{A0A55F45-AA54-8A63-259A-CF8FC010320E}.Debug|Any CPU.ActiveCfg = Debug|Any CPU
		{A0A55F45-AA54-8A63-259A-CF8FC010320E}.Debug|Any CPU.Build.0 = Debug|Any CPU
		{A0A55F45-AA54-8A63-259A-CF8FC010320E}.Debug|x64.ActiveCfg = Debug|Any CPU
		{A0A55F45-AA54-8A63-259A-CF8FC010320E}.Debug|x64.Build.0 = Debug|Any CPU
		{A0A55F45-AA54-8A63-259A-CF8FC010320E}.Debug|x86.ActiveCfg = Debug|Any CPU
		{A0A55F45-AA54-8A63-259A-CF8FC010320E}.Debug|x86.Build.0 = Debug|Any CPU
		{A0A55F45-AA54-8A63-259A-CF8FC010320E}.Release|Any CPU.ActiveCfg = Release|Any CPU
		{A0A55F45-AA54-8A63-259A-CF8FC010320E}.Release|Any CPU.Build.0 = Release|Any CPU
		{A0A55F45-AA54-8A63-259A-CF8FC010320E}.Release|x64.ActiveCfg = Release|Any CPU
		{A0A55F45-AA54-8A63-259A-CF8FC010320E}.Release|x64.Build.0 = Release|Any CPU
		{A0A55F45-AA54-8A63-259A-CF8FC010320E}.Release|x86.ActiveCfg = Release|Any CPU
		{A0A55F45-AA54-8A63-259A-CF8FC010320E}.Release|x86.Build.0 = Release|Any CPU
	EndGlobalSection
	GlobalSection(SolutionProperties) = preSolution
		HideSolutionNode = FALSE
	EndGlobalSection
	GlobalSection(NestedProjects) = preSolution
		{78F92ED6-E853-444D-95B5-BCD4B14E5646} = {827E0CD3-B72D-47B6-A68D-7590B98EB39B}
		{BA61FD91-6E95-49BC-B0B1-5EB9D95011E8} = {827E0CD3-B72D-47B6-A68D-7590B98EB39B}
		{8801C4D2-03EA-4301-A461-59A5BAFA82DE} = {827E0CD3-B72D-47B6-A68D-7590B98EB39B}
		{F085A3EF-44AA-4D6A-AEC9-E840B2FCDE4B} = {827E0CD3-B72D-47B6-A68D-7590B98EB39B}
		{477D4EEE-3FF7-4802-B6CA-C36D06CABB39} = {827E0CD3-B72D-47B6-A68D-7590B98EB39B}
		{B8375131-2C70-4A7B-890E-3B9CB176A2B3} = {827E0CD3-B72D-47B6-A68D-7590B98EB39B}
		{2A71FF6E-7D56-4002-AC51-6C54CDC75E79} = {827E0CD3-B72D-47B6-A68D-7590B98EB39B}
		{D4B0F2BE-2798-4D79-A069-602C2A67A4C7} = {827E0CD3-B72D-47B6-A68D-7590B98EB39B}
		{C45E0F2B-DE5C-4E54-862E-567B4DA7CD2B} = {827E0CD3-B72D-47B6-A68D-7590B98EB39B}
		{1CBC5BE9-42A3-46B4-9A9F-7845BC6D3175} = {0AB3BF05-4346-4AA6-1389-037BE0695223}
		{AB40B3EE-7D1E-4380-9985-E1D3BFAC8607} = {0AB3BF05-4346-4AA6-1389-037BE0695223}
		{59021D4F-5264-4941-A1DA-800295B81B81} = {0AB3BF05-4346-4AA6-1389-037BE0695223}
		{A7C36165-AB41-4642-A2BB-5C15A43C47D7} = {827E0CD3-B72D-47B6-A68D-7590B98EB39B}
		{0AF3EAF7-6E1A-4287-9949-CCEF3108AA64} = {827E0CD3-B72D-47B6-A68D-7590B98EB39B}
		{4F885F52-26D8-4FEE-AB2F-90C3A934DE9A} = {827E0CD3-B72D-47B6-A68D-7590B98EB39B}
		{A0A55F45-AA54-8A63-259A-CF8FC010320E} = {827E0CD3-B72D-47B6-A68D-7590B98EB39B}
	EndGlobalSection
	GlobalSection(ExtensibilityGlobals) = postSolution
		SolutionGuid = {AF56D111-52CF-471D-83AE-3AB19A304680}
	EndGlobalSection
EndGlobal
